// !$*UTF8*$!
{
	archiveVersion = 1;
	classes = {
	};
	objectVersion = 46;
	objects = {

/* Begin PBXBuildFile section */
		4C282BEF1E025B44004F3B59 /* main.m in Sources */ = {isa = PBXBuildFile; fileRef = 4C282BEE1E025B44004F3B59 /* main.m */; };
		4C282BF21E025B44004F3B59 /* AppDelegate.m in Sources */ = {isa = PBXBuildFile; fileRef = 4C282BF11E025B44004F3B59 /* AppDelegate.m */; };
		4C282BF51E025B44004F3B59 /* ViewController.m in Sources */ = {isa = PBXBuildFile; fileRef = 4C282BF41E025B44004F3B59 /* ViewController.m */; };
		4C282BF81E025B44004F3B59 /* Main.storyboard in Resources */ = {isa = PBXBuildFile; fileRef = 4C282BF61E025B44004F3B59 /* Main.storyboard */; };
		4C282BFA1E025B44004F3B59 /* Assets.xcassets in Resources */ = {isa = PBXBuildFile; fileRef = 4C282BF91E025B44004F3B59 /* Assets.xcassets */; };
		4C282BFD1E025B44004F3B59 /* LaunchScreen.storyboard in Resources */ = {isa = PBXBuildFile; fileRef = 4C282BFB1E025B44004F3B59 /* LaunchScreen.storyboard */; };
		4C282C081E025B44004F3B59 /* historySearchTests.m in Sources */ = {isa = PBXBuildFile; fileRef = 4C282C071E025B44004F3B59 /* historySearchTests.m */; };
		4C282C131E025B44004F3B59 /* historySearchUITests.m in Sources */ = {isa = PBXBuildFile; fileRef = 4C282C121E025B44004F3B59 /* historySearchUITests.m */; };
		4C282C251E028B76004F3B59 /* DPSearchViewController.m in Sources */ = {isa = PBXBuildFile; fileRef = 4C282C241E028B76004F3B59 /* DPSearchViewController.m */; };
		4C282C281E0294F9004F3B59 /* DPSearchConstFile.m in Sources */ = {isa = PBXBuildFile; fileRef = 4C282C271E0294F9004F3B59 /* DPSearchConstFile.m */; };
		4C680A521E03753200C273BF /* UIView+Frame.m in Sources */ = {isa = PBXBuildFile; fileRef = 4C680A511E03753200C273BF /* UIView+Frame.m */; };
		4C680A571E03E4FF00C273BF /* UIColor+Extension.m in Sources */ = {isa = PBXBuildFile; fileRef = 4C680A561E03E4FF00C273BF /* UIColor+Extension.m */; };
/* End PBXBuildFile section */

/* Begin PBXContainerItemProxy section */
		4C282C041E025B44004F3B59 /* PBXContainerItemProxy */ = {
			isa = PBXContainerItemProxy;
			containerPortal = 4C282BE21E025B44004F3B59 /* Project object */;
			proxyType = 1;
			remoteGlobalIDString = 4C282BE91E025B44004F3B59;
			remoteInfo = historySearch;
		};
		4C282C0F1E025B44004F3B59 /* PBXContainerItemProxy */ = {
			isa = PBXContainerItemProxy;
			containerPortal = 4C282BE21E025B44004F3B59 /* Project object */;
			proxyType = 1;
			remoteGlobalIDString = 4C282BE91E025B44004F3B59;
			remoteInfo = historySearch;
		};
/* End PBXContainerItemProxy section */

/* Begin PBXFileReference section */
		4C282BEA1E025B44004F3B59 /* historySearch.app */ = {isa = PBXFileReference; explicitFileType = wrapper.application; includeInIndex = 0; path = historySearch.app; sourceTree = BUILT_PRODUCTS_DIR; };
		4C282BEE1E025B44004F3B59 /* main.m */ = {isa = PBXFileReference; lastKnownFileType = sourcecode.c.objc; path = main.m; sourceTree = "<group>"; };
		4C282BF01E025B44004F3B59 /* AppDelegate.h */ = {isa = PBXFileReference; lastKnownFileType = sourcecode.c.h; path = AppDelegate.h; sourceTree = "<group>"; };
		4C282BF11E025B44004F3B59 /* AppDelegate.m */ = {isa = PBXFileReference; lastKnownFileType = sourcecode.c.objc; path = AppDelegate.m; sourceTree = "<group>"; };
		4C282BF31E025B44004F3B59 /* ViewController.h */ = {isa = PBXFileReference; lastKnownFileType = sourcecode.c.h; path = ViewController.h; sourceTree = "<group>"; };
		4C282BF41E025B44004F3B59 /* ViewController.m */ = {isa = PBXFileReference; lastKnownFileType = sourcecode.c.objc; path = ViewController.m; sourceTree = "<group>"; };
		4C282BF71E025B44004F3B59 /* Base */ = {isa = PBXFileReference; lastKnownFileType = file.storyboard; name = Base; path = Base.lproj/Main.storyboard; sourceTree = "<group>"; };
		4C282BF91E025B44004F3B59 /* Assets.xcassets */ = {isa = PBXFileReference; lastKnownFileType = folder.assetcatalog; path = Assets.xcassets; sourceTree = "<group>"; };
		4C282BFC1E025B44004F3B59 /* Base */ = {isa = PBXFileReference; lastKnownFileType = file.storyboard; name = Base; path = Base.lproj/LaunchScreen.storyboard; sourceTree = "<group>"; };
		4C282BFE1E025B44004F3B59 /* Info.plist */ = {isa = PBXFileReference; lastKnownFileType = text.plist.xml; path = Info.plist; sourceTree = "<group>"; };
		4C282C031E025B44004F3B59 /* historySearchTests.xctest */ = {isa = PBXFileReference; explicitFileType = wrapper.cfbundle; includeInIndex = 0; path = historySearchTests.xctest; sourceTree = BUILT_PRODUCTS_DIR; };
		4C282C071E025B44004F3B59 /* historySearchTests.m */ = {isa = PBXFileReference; lastKnownFileType = sourcecode.c.objc; path = historySearchTests.m; sourceTree = "<group>"; };
		4C282C091E025B44004F3B59 /* Info.plist */ = {isa = PBXFileReference; lastKnownFileType = text.plist.xml; path = Info.plist; sourceTree = "<group>"; };
		4C282C0E1E025B44004F3B59 /* historySearchUITests.xctest */ = {isa = PBXFileReference; explicitFileType = wrapper.cfbundle; includeInIndex = 0; path = historySearchUITests.xctest; sourceTree = BUILT_PRODUCTS_DIR; };
		4C282C121E025B44004F3B59 /* historySearchUITests.m */ = {isa = PBXFileReference; lastKnownFileType = sourcecode.c.objc; path = historySearchUITests.m; sourceTree = "<group>"; };
		4C282C141E025B44004F3B59 /* Info.plist */ = {isa = PBXFileReference; lastKnownFileType = text.plist.xml; path = Info.plist; sourceTree = "<group>"; };
		4C282C231E028B76004F3B59 /* DPSearchViewController.h */ = {isa = PBXFileReference; fileEncoding = 4; lastKnownFileType = sourcecode.c.h; path = DPSearchViewController.h; sourceTree = "<group>"; };
		4C282C241E028B76004F3B59 /* DPSearchViewController.m */ = {isa = PBXFileReference; fileEncoding = 4; lastKnownFileType = sourcecode.c.objc; path = DPSearchViewController.m; sourceTree = "<group>"; };
		4C282C261E0294F9004F3B59 /* DPSearchConstFile.h */ = {isa = PBXFileReference; fileEncoding = 4; lastKnownFileType = sourcecode.c.h; path = DPSearchConstFile.h; sourceTree = "<group>"; };
		4C282C271E0294F9004F3B59 /* DPSearchConstFile.m */ = {isa = PBXFileReference; fileEncoding = 4; lastKnownFileType = sourcecode.c.objc; path = DPSearchConstFile.m; sourceTree = "<group>"; };
		4C680A501E03753200C273BF /* UIView+Frame.h */ = {isa = PBXFileReference; fileEncoding = 4; lastKnownFileType = sourcecode.c.h; path = "UIView+Frame.h"; sourceTree = "<group>"; };
		4C680A511E03753200C273BF /* UIView+Frame.m */ = {isa = PBXFileReference; fileEncoding = 4; lastKnownFileType = sourcecode.c.objc; path = "UIView+Frame.m"; sourceTree = "<group>"; };
		4C680A551E03E4FF00C273BF /* UIColor+Extension.h */ = {isa = PBXFileReference; fileEncoding = 4; lastKnownFileType = sourcecode.c.h; path = "UIColor+Extension.h"; sourceTree = "<group>"; };
		4C680A561E03E4FF00C273BF /* UIColor+Extension.m */ = {isa = PBXFileReference; fileEncoding = 4; lastKnownFileType = sourcecode.c.objc; path = "UIColor+Extension.m"; sourceTree = "<group>"; };
/* End PBXFileReference section */

/* Begin PBXFrameworksBuildPhase section */
		4C282BE71E025B44004F3B59 /* Frameworks */ = {
			isa = PBXFrameworksBuildPhase;
			buildActionMask = 2147483647;
			files = (
			);
			runOnlyForDeploymentPostprocessing = 0;
		};
		4C282C001E025B44004F3B59 /* Frameworks */ = {
			isa = PBXFrameworksBuildPhase;
			buildActionMask = 2147483647;
			files = (
			);
			runOnlyForDeploymentPostprocessing = 0;
		};
		4C282C0B1E025B44004F3B59 /* Frameworks */ = {
			isa = PBXFrameworksBuildPhase;
			buildActionMask = 2147483647;
			files = (
			);
			runOnlyForDeploymentPostprocessing = 0;
		};
/* End PBXFrameworksBuildPhase section */

/* Begin PBXGroup section */
		4C282BE11E025B43004F3B59 = {
			isa = PBXGroup;
			children = (
				4C282BEC1E025B44004F3B59 /* historySearch */,
				4C282C061E025B44004F3B59 /* historySearchTests */,
				4C282C111E025B44004F3B59 /* historySearchUITests */,
				4C282BEB1E025B44004F3B59 /* Products */,
			);
			sourceTree = "<group>";
		};
		4C282BEB1E025B44004F3B59 /* Products */ = {
			isa = PBXGroup;
			children = (
				4C282BEA1E025B44004F3B59 /* historySearch.app */,
				4C282C031E025B44004F3B59 /* historySearchTests.xctest */,
				4C282C0E1E025B44004F3B59 /* historySearchUITests.xctest */,
			);
			name = Products;
			sourceTree = "<group>";
		};
		4C282BEC1E025B44004F3B59 /* historySearch */ = {
			isa = PBXGroup;
			children = (
				4C680A541E03E4D800C273BF /* UIColor+Extension */,
				4C680A531E03753700C273BF /* UIView+Frame */,
				4C282C221E028AF7004F3B59 /* DPSearchController(搜索控制器) */,
				4C282BF01E025B44004F3B59 /* AppDelegate.h */,
				4C282BF11E025B44004F3B59 /* AppDelegate.m */,
				4C282BF31E025B44004F3B59 /* ViewController.h */,
				4C282BF41E025B44004F3B59 /* ViewController.m */,
				4C282BF61E025B44004F3B59 /* Main.storyboard */,
				4C282BF91E025B44004F3B59 /* Assets.xcassets */,
				4C282BFB1E025B44004F3B59 /* LaunchScreen.storyboard */,
				4C282BFE1E025B44004F3B59 /* Info.plist */,
				4C282BED1E025B44004F3B59 /* Supporting Files */,
			);
			path = historySearch;
			sourceTree = "<group>";
		};
		4C282BED1E025B44004F3B59 /* Supporting Files */ = {
			isa = PBXGroup;
			children = (
				4C282BEE1E025B44004F3B59 /* main.m */,
			);
			name = "Supporting Files";
			sourceTree = "<group>";
		};
		4C282C061E025B44004F3B59 /* historySearchTests */ = {
			isa = PBXGroup;
			children = (
				4C282C071E025B44004F3B59 /* historySearchTests.m */,
				4C282C091E025B44004F3B59 /* Info.plist */,
			);
			path = historySearchTests;
			sourceTree = "<group>";
		};
		4C282C111E025B44004F3B59 /* historySearchUITests */ = {
			isa = PBXGroup;
			children = (
				4C282C121E025B44004F3B59 /* historySearchUITests.m */,
				4C282C141E025B44004F3B59 /* Info.plist */,
			);
			path = historySearchUITests;
			sourceTree = "<group>";
		};
		4C282C221E028AF7004F3B59 /* DPSearchController(搜索控制器) */ = {
			isa = PBXGroup;
			children = (
				4C282C231E028B76004F3B59 /* DPSearchViewController.h */,
				4C282C241E028B76004F3B59 /* DPSearchViewController.m */,
				4C282C261E0294F9004F3B59 /* DPSearchConstFile.h */,
				4C282C271E0294F9004F3B59 /* DPSearchConstFile.m */,
			);
			name = "DPSearchController(搜索控制器)";
			sourceTree = "<group>";
		};
		4C680A531E03753700C273BF /* UIView+Frame */ = {
			isa = PBXGroup;
			children = (
				4C680A501E03753200C273BF /* UIView+Frame.h */,
				4C680A511E03753200C273BF /* UIView+Frame.m */,
			);
			name = "UIView+Frame";
			sourceTree = "<group>";
		};
		4C680A541E03E4D800C273BF /* UIColor+Extension */ = {
			isa = PBXGroup;
			children = (
				4C680A551E03E4FF00C273BF /* UIColor+Extension.h */,
				4C680A561E03E4FF00C273BF /* UIColor+Extension.m */,
			);
			name = "UIColor+Extension";
			sourceTree = "<group>";
		};
/* End PBXGroup section */

/* Begin PBXNativeTarget section */
		4C282BE91E025B44004F3B59 /* historySearch */ = {
			isa = PBXNativeTarget;
			buildConfigurationList = 4C282C171E025B44004F3B59 /* Build configuration list for PBXNativeTarget "historySearch" */;
			buildPhases = (
				4C282BE61E025B44004F3B59 /* Sources */,
				4C282BE71E025B44004F3B59 /* Frameworks */,
				4C282BE81E025B44004F3B59 /* Resources */,
			);
			buildRules = (
			);
			dependencies = (
			);
			name = historySearch;
			productName = historySearch;
			productReference = 4C282BEA1E025B44004F3B59 /* historySearch.app */;
			productType = "com.apple.product-type.application";
		};
		4C282C021E025B44004F3B59 /* historySearchTests */ = {
			isa = PBXNativeTarget;
			buildConfigurationList = 4C282C1A1E025B44004F3B59 /* Build configuration list for PBXNativeTarget "historySearchTests" */;
			buildPhases = (
				4C282BFF1E025B44004F3B59 /* Sources */,
				4C282C001E025B44004F3B59 /* Frameworks */,
				4C282C011E025B44004F3B59 /* Resources */,
			);
			buildRules = (
			);
			dependencies = (
				4C282C051E025B44004F3B59 /* PBXTargetDependency */,
			);
			name = historySearchTests;
			productName = historySearchTests;
			productReference = 4C282C031E025B44004F3B59 /* historySearchTests.xctest */;
			productType = "com.apple.product-type.bundle.unit-test";
		};
		4C282C0D1E025B44004F3B59 /* historySearchUITests */ = {
			isa = PBXNativeTarget;
			buildConfigurationList = 4C282C1D1E025B44004F3B59 /* Build configuration list for PBXNativeTarget "historySearchUITests" */;
			buildPhases = (
				4C282C0A1E025B44004F3B59 /* Sources */,
				4C282C0B1E025B44004F3B59 /* Frameworks */,
				4C282C0C1E025B44004F3B59 /* Resources */,
			);
			buildRules = (
			);
			dependencies = (
				4C282C101E025B44004F3B59 /* PBXTargetDependency */,
			);
			name = historySearchUITests;
			productName = historySearchUITests;
			productReference = 4C282C0E1E025B44004F3B59 /* historySearchUITests.xctest */;
			productType = "com.apple.product-type.bundle.ui-testing";
		};
/* End PBXNativeTarget section */

/* Begin PBXProject section */
		4C282BE21E025B44004F3B59 /* Project object */ = {
			isa = PBXProject;
			attributes = {
				LastUpgradeCheck = 0720;
				ORGANIZATIONNAME = SurSen;
				TargetAttributes = {
					4C282BE91E025B44004F3B59 = {
						CreatedOnToolsVersion = 7.2;
					};
					4C282C021E025B44004F3B59 = {
						CreatedOnToolsVersion = 7.2;
						TestTargetID = 4C282BE91E025B44004F3B59;
					};
					4C282C0D1E025B44004F3B59 = {
						CreatedOnToolsVersion = 7.2;
						TestTargetID = 4C282BE91E025B44004F3B59;
					};
				};
			};
			buildConfigurationList = 4C282BE51E025B44004F3B59 /* Build configuration list for PBXProject "historySearch" */;
			compatibilityVersion = "Xcode 3.2";
			developmentRegion = English;
			hasScannedForEncodings = 0;
			knownRegions = (
				en,
				Base,
			);
			mainGroup = 4C282BE11E025B43004F3B59;
			productRefGroup = 4C282BEB1E025B44004F3B59 /* Products */;
			projectDirPath = "";
			projectRoot = "";
			targets = (
				4C282BE91E025B44004F3B59 /* historySearch */,
				4C282C021E025B44004F3B59 /* historySearchTests */,
				4C282C0D1E025B44004F3B59 /* historySearchUITests */,
			);
		};
/* End PBXProject section */

/* Begin PBXResourcesBuildPhase section */
		4C282BE81E025B44004F3B59 /* Resources */ = {
			isa = PBXResourcesBuildPhase;
			buildActionMask = 2147483647;
			files = (
				4C282BFD1E025B44004F3B59 /* LaunchScreen.storyboard in Resources */,
				4C282BFA1E025B44004F3B59 /* Assets.xcassets in Resources */,
				4C282BF81E025B44004F3B59 /* Main.storyboard in Resources */,
			);
			runOnlyForDeploymentPostprocessing = 0;
		};
		4C282C011E025B44004F3B59 /* Resources */ = {
			isa = PBXResourcesBuildPhase;
			buildActionMask = 2147483647;
			files = (
			);
			runOnlyForDeploymentPostprocessing = 0;
		};
		4C282C0C1E025B44004F3B59 /* Resources */ = {
			isa = PBXResourcesBuildPhase;
			buildActionMask = 2147483647;
			files = (
			);
			runOnlyForDeploymentPostprocessing = 0;
		};
/* End PBXResourcesBuildPhase section */

/* Begin PBXSourcesBuildPhase section */
		4C282BE61E025B44004F3B59 /* Sources */ = {
			isa = PBXSourcesBuildPhase;
			buildActionMask = 2147483647;
			files = (
				4C680A521E03753200C273BF /* UIView+Frame.m in Sources */,
				4C282C251E028B76004F3B59 /* DPSearchViewController.m in Sources */,
				4C282BF51E025B44004F3B59 /* ViewController.m in Sources */,
				4C680A571E03E4FF00C273BF /* UIColor+Extension.m in Sources */,
				4C282BF21E025B44004F3B59 /* AppDelegate.m in Sources */,
				4C282C281E0294F9004F3B59 /* DPSearchConstFile.m in Sources */,
				4C282BEF1E025B44004F3B59 /* main.m in Sources */,
			);
			runOnlyForDeploymentPostprocessing = 0;
		};
		4C282BFF1E025B44004F3B59 /* Sources */ = {
			isa = PBXSourcesBuildPhase;
			buildActionMask = 2147483647;
			files = (
				4C282C081E025B44004F3B59 /* historySearchTests.m in Sources */,
			);
			runOnlyForDeploymentPostprocessing = 0;
		};
		4C282C0A1E025B44004F3B59 /* Sources */ = {
			isa = PBXSourcesBuildPhase;
			buildActionMask = 2147483647;
			files = (
				4C282C131E025B44004F3B59 /* historySearchUITests.m in Sources */,
			);
			runOnlyForDeploymentPostprocessing = 0;
		};
/* End PBXSourcesBuildPhase section */

/* Begin PBXTargetDependency section */
		4C282C051E025B44004F3B59 /* PBXTargetDependency */ = {
			isa = PBXTargetDependency;
			target = 4C282BE91E025B44004F3B59 /* historySearch */;
			targetProxy = 4C282C041E025B44004F3B59 /* PBXContainerItemProxy */;
		};
		4C282C101E025B44004F3B59 /* PBXTargetDependency */ = {
			isa = PBXTargetDependency;
			target = 4C282BE91E025B44004F3B59 /* historySearch */;
			targetProxy = 4C282C0F1E025B44004F3B59 /* PBXContainerItemProxy */;
		};
/* End PBXTargetDependency section */

/* Begin PBXVariantGroup section */
		4C282BF61E025B44004F3B59 /* Main.storyboard */ = {
			isa = PBXVariantGroup;
			children = (
				4C282BF71E025B44004F3B59 /* Base */,
			);
			name = Main.storyboard;
			sourceTree = "<group>";
		};
		4C282BFB1E025B44004F3B59 /* LaunchScreen.storyboard */ = {
			isa = PBXVariantGroup;
			children = (
				4C282BFC1E025B44004F3B59 /* Base */,
			);
			name = LaunchScreen.storyboard;
			sourceTree = "<group>";
		};
/* End PBXVariantGroup section */

/* Begin XCBuildConfiguration section */
		4C282C151E025B44004F3B59 /* Debug */ = {
			isa = XCBuildConfiguration;
			buildSettings = {
				ALWAYS_SEARCH_USER_PATHS = NO;
				CLANG_CXX_LANGUAGE_STANDARD = "gnu++0x";
				CLANG_CXX_LIBRARY = "libc++";
				CLANG_ENABLE_MODULES = YES;
				CLANG_ENABLE_OBJC_ARC = YES;
				CLANG_WARN_BOOL_CONVERSION = YES;
				CLANG_WARN_CONSTANT_CONVERSION = YES;
				CLANG_WARN_DIRECT_OBJC_ISA_USAGE = YES_ERROR;
				CLANG_WARN_EMPTY_BODY = YES;
				CLANG_WARN_ENUM_CONVERSION = YES;
				CLANG_WARN_INT_CONVERSION = YES;
				CLANG_WARN_OBJC_ROOT_CLASS = YES_ERROR;
				CLANG_WARN_UNREACHABLE_CODE = YES;
				CLANG_WARN__DUPLICATE_METHOD_MATCH = YES;
				"CODE_SIGN_IDENTITY[sdk=iphoneos*]" = "iPhone Developer";
				COPY_PHASE_STRIP = NO;
				DEBUG_INFORMATION_FORMAT = dwarf;
				ENABLE_STRICT_OBJC_MSGSEND = YES;
				ENABLE_TESTABILITY = YES;
				GCC_C_LANGUAGE_STANDARD = gnu99;
				GCC_DYNAMIC_NO_PIC = NO;
				GCC_NO_COMMON_BLOCKS = YES;
				GCC_OPTIMIZATION_LEVEL = 0;
				GCC_PREPROCESSOR_DEFINITIONS = (
					"DEBUG=1",
					"$(inherited)",
				);
				GCC_WARN_64_TO_32_BIT_CONVERSION = YES;
				GCC_WARN_ABOUT_RETURN_TYPE = YES_ERROR;
				GCC_WARN_UNDECLARED_SELECTOR = YES;
				GCC_WARN_UNINITIALIZED_AUTOS = YES_AGGRESSIVE;
				GCC_WARN_UNUSED_FUNCTION = YES;
				GCC_WARN_UNUSED_VARIABLE = YES;
				IPHONEOS_DEPLOYMENT_TARGET = 9.2;
				MTL_ENABLE_DEBUG_INFO = YES;
				ONLY_ACTIVE_ARCH = YES;
				SDKROOT = iphoneos;
				TARGETED_DEVICE_FAMILY = "1,2";
			};
			name = Debug;
		};
		4C282C161E025B44004F3B59 /* Release */ = {
			isa = XCBuildConfiguration;
			buildSettings = {
				ALWAYS_SEARCH_USER_PATHS = NO;
				CLANG_CXX_LANGUAGE_STANDARD = "gnu++0x";
				CLANG_CXX_LIBRARY = "libc++";
				CLANG_ENABLE_MODULES = YES;
				CLANG_ENABLE_OBJC_ARC = YES;
				CLANG_WARN_BOOL_CONVERSION = YES;
				CLANG_WARN_CONSTANT_CONVERSION = YES;
				CLANG_WARN_DIRECT_OBJC_ISA_USAGE = YES_ERROR;
				CLANG_WARN_EMPTY_BODY = YES;
				CLANG_WARN_ENUM_CONVERSION = YES;
				CLANG_WARN_INT_CONVERSION = YES;
				CLANG_WARN_OBJC_ROOT_CLASS = YES_ERROR;
				CLANG_WARN_UNREACHABLE_CODE = YES;
				CLANG_WARN__DUPLICATE_METHOD_MATCH = YES;
				"CODE_SIGN_IDENTITY[sdk=iphoneos*]" = "iPhone Developer";
				COPY_PHASE_STRIP = NO;
				DEBUG_INFORMATION_FORMAT = "dwarf-with-dsym";
				ENABLE_NS_ASSERTIONS = NO;
				ENABLE_STRICT_OBJC_MSGSEND = YES;
				GCC_C_LANGUAGE_STANDARD = gnu99;
				GCC_NO_COMMON_BLOCKS = YES;
				GCC_WARN_64_TO_32_BIT_CONVERSION = YES;
				GCC_WARN_ABOUT_RETURN_TYPE = YES_ERROR;
				GCC_WARN_UNDECLARED_SELECTOR = YES;
				GCC_WARN_UNINITIALIZED_AUTOS = YES_AGGRESSIVE;
				GCC_WARN_UNUSED_FUNCTION = YES;
				GCC_WARN_UNUSED_VARIABLE = YES;
				IPHONEOS_DEPLOYMENT_TARGET = 9.2;
				MTL_ENABLE_DEBUG_INFO = NO;
				SDKROOT = iphoneos;
				TARGETED_DEVICE_FAMILY = "1,2";
				VALIDATE_PRODUCT = YES;
			};
			name = Release;
		};
		4C282C181E025B44004F3B59 /* Debug */ = {
			isa = XCBuildConfiguration;
			buildSettings = {
				ASSETCATALOG_COMPILER_APPICON_NAME = AppIcon;
				INFOPLIST_FILE = historySearch/Info.plist;
				LD_RUNPATH_SEARCH_PATHS = "$(inherited) @executable_path/Frameworks";
				PRODUCT_BUNDLE_IDENTIFIER = "Mister-Sun-.historySearch";
				PRODUCT_NAME = "$(TARGET_NAME)";
			};
			name = Debug;
		};
		4C282C191E025B44004F3B59 /* Release */ = {
			isa = XCBuildConfiguration;
			buildSettings = {
				ASSETCATALOG_COMPILER_APPICON_NAME = AppIcon;
				INFOPLIST_FILE = historySearch/Info.plist;
				LD_RUNPATH_SEARCH_PATHS = "$(inherited) @executable_path/Frameworks";
				PRODUCT_BUNDLE_IDENTIFIER = "Mister-Sun-.historySearch";
				PRODUCT_NAME = "$(TARGET_NAME)";
			};
			name = Release;
		};
		4C282C1B1E025B44004F3B59 /* Debug */ = {
			isa = XCBuildConfiguration;
			buildSettings = {
				BUNDLE_LOADER = "$(TEST_HOST)";
				INFOPLIST_FILE = historySearchTests/Info.plist;
				LD_RUNPATH_SEARCH_PATHS = "$(inherited) @executable_path/Frameworks @loader_path/Frameworks";
				PRODUCT_BUNDLE_IDENTIFIER = "Mister-Sun-.historySearchTests";
				PRODUCT_NAME = "$(TARGET_NAME)";
				TEST_HOST = "$(BUILT_PRODUCTS_DIR)/historySearch.app/historySearch";
			};
			name = Debug;
		};
		4C282C1C1E025B44004F3B59 /* Release */ = {
			isa = XCBuildConfiguration;
			buildSettings = {
				BUNDLE_LOADER = "$(TEST_HOST)";
				INFOPLIST_FILE = historySearchTests/Info.plist;
				LD_RUNPATH_SEARCH_PATHS = "$(inherited) @executable_path/Frameworks @loader_path/Frameworks";
				PRODUCT_BUNDLE_IDENTIFIER = "Mister-Sun-.historySearchTests";
				PRODUCT_NAME = "$(TARGET_NAME)";
				TEST_HOST = "$(BUILT_PRODUCTS_DIR)/historySearch.app/historySearch";
			};
			name = Release;
		};
		4C282C1E1E025B44004F3B59 /* Debug */ = {
			isa = XCBuildConfiguration;
			buildSettings = {
				INFOPLIST_FILE = historySearchUITests/Info.plist;
				LD_RUNPATH_SEARCH_PATHS = "$(inherited) @executable_path/Frameworks @loader_path/Frameworks";
				PRODUCT_BUNDLE_IDENTIFIER = "Mister-Sun-.historySearchUITests";
				PRODUCT_NAME = "$(TARGET_NAME)";
				TEST_TARGET_NAME = historySearch;
				USES_XCTRUNNER = YES;
			};
			name = Debug;
		};
		4C282C1F1E025B44004F3B59 /* Release */ = {
			isa = XCBuildConfiguration;
			buildSettings = {
				INFOPLIST_FILE = historySearchUITests/Info.plist;
				LD_RUNPATH_SEARCH_PATHS = "$(inherited) @executable_path/Frameworks @loader_path/Frameworks";
				PRODUCT_BUNDLE_IDENTIFIER = "Mister-Sun-.historySearchUITests";
				PRODUCT_NAME = "$(TARGET_NAME)";
				TEST_TARGET_NAME = historySearch;
				USES_XCTRUNNER = YES;
			};
			name = Release;
		};
/* End XCBuildConfiguration section */

/* Begin XCConfigurationList section */
		4C282BE51E025B44004F3B59 /* Build configuration list for PBXProject "historySearch" */ = {
			isa = XCConfigurationList;
			buildConfigurations = (
				4C282C151E025B44004F3B59 /* Debug */,
				4C282C161E025B44004F3B59 /* Release */,
			);
			defaultConfigurationIsVisible = 0;
			defaultConfigurationName = Release;
		};
		4C282C171E025B44004F3B59 /* Build configuration list for PBXNativeTarget "historySearch" */ = {
			isa = XCConfigurationList;
			buildConfigurations = (
				4C282C181E025B44004F3B59 /* Debug */,
				4C282C191E025B44004F3B59 /* Release */,
			);
			defaultConfigurationIsVisible = 0;
			defaultConfigurationName = Release;
		};
		4C282C1A1E025B44004F3B59 /* Build configuration list for PBXNativeTarget "historySearchTests" */ = {
			isa = XCConfigurationList;
			buildConfigurations = (
				4C282C1B1E025B44004F3B59 /* Debug */,
				4C282C1C1E025B44004F3B59 /* Release */,
			);
			defaultConfigurationIsVisible = 0;
			defaultConfigurationName = Release;
		};
		4C282C1D1E025B44004F3B59 /* Build configuration list for PBXNativeTarget "historySearchUITests" */ = {
			isa = XCConfigurationList;
			buildConfigurations = (
				4C282C1E1E025B44004F3B59 /* Debug */,
				4C282C1F1E025B44004F3B59 /* Release */,
			);
			defaultConfigurationIsVisible = 0;
			defaultConfigurationName = Release;
		};
/* End XCConfigurationList section */
	};
	rootObject = 4C282BE21E025B44004F3B59 /* Project object */;
}
